
Microsoft Visual Studio Solution File, Format Version 12.00
# Visual Studio Version 16
VisualStudioVersion = 16.0.30907.101
MinimumVisualStudioVersion = 10.0.40219.1
Project("{9A19103F-16F7-4668-BE54-9A1E7A4F7556}") = "geomdata.vector.split", "geomdata.vector.split\geomdata.vector.split.csproj", "{B4C5697A-B2B8-459D-BE25-D0925193C072}"
EndProject
Project("{FAE04EC0-301F-11D3-BF4B-00C04F79EFBC}") = "geomdata.vector.io", "geomdata.vector.io\geomdata.vector.io.csproj", "{DAC189B7-EACC-4FA1-9ED9-2D649E2BBF16}"
EndProject
Global
	GlobalSection(SolutionConfigurationPlatforms) = preSolution
		Debug|Any CPU = Debug|Any CPU
		Release|Any CPU = Release|Any CPU
	EndGlobalSection
	GlobalSection(ProjectConfigurationPlatforms) = postSolution
		{B4C5697A-B2B8-459D-BE25-D0925193C072}.Debug|Any CPU.ActiveCfg = Debug|Any CPU
		{B4C5697A-B2B8-459D-BE25-D0925193C072}.Debug|Any CPU.Build.0 = Debug|Any CPU
		{B4C5697A-B2B8-459D-BE25-D0925193C072}.Release|Any CPU.ActiveCfg = Release|Any CPU
		{B4C5697A-B2B8-459D-BE25-D0925193C072}.Release|Any CPU.Build.0 = Release|Any CPU
		{DAC189B7-EACC-4FA1-9ED9-2D649E2BBF16}.Debug|Any CPU.ActiveCfg = Debug|Any CPU
		{DAC189B7-EACC-4FA1-9ED9-2D649E2BBF16}.Debug|Any CPU.Build.0 = Debug|Any CPU
		{DAC189B7-EACC-4FA1-9ED9-2D649E2BBF16}.Release|Any CPU.ActiveCfg = Release|Any CPU
		{DAC189B7-EACC-4FA1-9ED9-2D649E2BBF16}.Release|Any CPU.Build.0 = Release|Any CPU
	EndGlobalSection
	GlobalSection(SolutionProperties) = preSolution
		HideSolutionNode = FALSE
	EndGlobalSection
	GlobalSection(ExtensibilityGlobals) = postSolution
		SolutionGuid = {8184D948-784D-467E-9567-B205876D281F}
	EndGlobalSection
EndGlobal
